
Microsoft Visual Studio Solution File, Format Version 12.00
# Visual Studio 15
VisualStudioVersion = 15.0.27130.2010
MinimumVisualStudioVersion = 10.0.40219.1
Project("{2150E333-8FDC-42A3-9474-1A3956D46DE8}") = "Shared", "Shared", "{A7309C60-0562-487F-A11B-49071F9DE8A3}"
	ProjectSection(SolutionItems) = preProject
		.licenseheader = .licenseheader
		API.md = API.md
		HowToInstallAServer.md = HowToInstallAServer.md
		README.md = README.md
	EndProjectSection
EndProject
Project("{2150E333-8FDC-42A3-9474-1A3956D46DE8}") = "Artwork", "Artwork", "{5A9DE24F-D5BC-4A0B-81FB-2FBB8E837CF7}"
	ProjectSection(SolutionItems) = preProject
		CM.Artwork\AboutPageIllustrations.design = CM.Artwork\AboutPageIllustrations.design
		CM.Artwork\README.md = CM.Artwork\README.md
		CM.Artwork\UIElements.design = CM.Artwork\UIElements.design
	EndProjectSection
EndProject
Project("{9A19103F-16F7-4668-BE54-9A1E7A4F7556}") = "CM", "CM\CM.csproj", "{D637B1AC-6A17-44D9-87FF-661D8CEF707F}"
EndProject
Project("{FAE04EC0-301F-11D3-BF4B-00C04F79EFBC}") = "CM.Javascript", "CM.Javascript\CM.Javascript.csproj", "{7F74349D-D3E8-4B16-A7FA-6D4950CA54E0}"
EndProject
Project("{FAE04EC0-301F-11D3-BF4B-00C04F79EFBC}") = "CM.Tests", "CM.Tests\CM.Tests.csproj", "{74A4E859-C0F2-4208-BBF1-6D510C2C55AE}"
EndProject
Project("{9A19103F-16F7-4668-BE54-9A1E7A4F7556}") = "CM.Daemon", "CM.Daemon\CM.Daemon.csproj", "{D13A6507-DBDA-4B0E-8313-429656EE962E}"
EndProject
Project("{9A19103F-16F7-4668-BE54-9A1E7A4F7556}") = "CM.Server", "CM.Server\CM.Server.csproj", "{02755F37-FB7F-4E33-A6AD-08780851B997}"
EndProject
Project("{9A19103F-16F7-4668-BE54-9A1E7A4F7556}") = "CM.AttackClient", "CM.AttackClient\CM.AttackClient.csproj", "{DE78B134-0D23-4BDE-9E86-3398B1953FFD}"
EndProject
Project("{FAE04EC0-301F-11D3-BF4B-00C04F79EFBC}") = "CM.Javascript2", "CM.Javascript2\CM.Javascript2.csproj", "{E6916BE4-0D3F-4CB4-A102-FE6EBA1B44BA}"
EndProject
Project("{FAE04EC0-301F-11D3-BF4B-00C04F79EFBC}") = "CM.Server2", "CM.Server2\CM.Server2.csproj", "{DD6217E8-0B61-4EB1-98B4-41662B5445D6}"
EndProject
Global
	GlobalSection(SolutionConfigurationPlatforms) = preSolution
		Debug|Any CPU = Debug|Any CPU
		Debug|x64 = Debug|x64
		Release|Any CPU = Release|Any CPU
		Release|x64 = Release|x64
	EndGlobalSection
	GlobalSection(ProjectConfigurationPlatforms) = postSolution
		{D637B1AC-6A17-44D9-87FF-661D8CEF707F}.Debug|Any CPU.ActiveCfg = Debug|Any CPU
		{D637B1AC-6A17-44D9-87FF-661D8CEF707F}.Debug|Any CPU.Build.0 = Debug|Any CPU
		{D637B1AC-6A17-44D9-87FF-661D8CEF707F}.Debug|x64.ActiveCfg = Debug|Any CPU
		{D637B1AC-6A17-44D9-87FF-661D8CEF707F}.Release|Any CPU.ActiveCfg = Release|Any CPU
		{D637B1AC-6A17-44D9-87FF-661D8CEF707F}.Release|Any CPU.Build.0 = Release|Any CPU
		{D637B1AC-6A17-44D9-87FF-661D8CEF707F}.Release|x64.ActiveCfg = Release|Any CPU
		{7F74349D-D3E8-4B16-A7FA-6D4950CA54E0}.Debug|Any CPU.ActiveCfg = Debug|Any CPU
		{7F74349D-D3E8-4B16-A7FA-6D4950CA54E0}.Debug|Any CPU.Build.0 = Debug|Any CPU
		{7F74349D-D3E8-4B16-A7FA-6D4950CA54E0}.Debug|x64.ActiveCfg = Debug|Any CPU
		{7F74349D-D3E8-4B16-A7FA-6D4950CA54E0}.Release|Any CPU.ActiveCfg = Release|Any CPU
		{7F74349D-D3E8-4B16-A7FA-6D4950CA54E0}.Release|Any CPU.Build.0 = Release|Any CPU
		{7F74349D-D3E8-4B16-A7FA-6D4950CA54E0}.Release|x64.ActiveCfg = Release|Any CPU
		{74A4E859-C0F2-4208-BBF1-6D510C2C55AE}.Debug|Any CPU.ActiveCfg = Debug|Any CPU
		{74A4E859-C0F2-4208-BBF1-6D510C2C55AE}.Debug|Any CPU.Build.0 = Debug|Any CPU
		{74A4E859-C0F2-4208-BBF1-6D510C2C55AE}.Debug|x64.ActiveCfg = Debug|Any CPU
		{74A4E859-C0F2-4208-BBF1-6D510C2C55AE}.Release|Any CPU.ActiveCfg = Release|Any CPU
		{74A4E859-C0F2-4208-BBF1-6D510C2C55AE}.Release|Any CPU.Build.0 = Release|Any CPU
		{74A4E859-C0F2-4208-BBF1-6D510C2C55AE}.Release|x64.ActiveCfg = Release|Any CPU
		{D13A6507-DBDA-4B0E-8313-429656EE962E}.Debug|Any CPU.ActiveCfg = Debug|Any CPU
		{D13A6507-DBDA-4B0E-8313-429656EE962E}.Debug|Any CPU.Build.0 = Debug|Any CPU
		{D13A6507-DBDA-4B0E-8313-429656EE962E}.Debug|x64.ActiveCfg = Debug|Any CPU
		{D13A6507-DBDA-4B0E-8313-429656EE962E}.Release|Any CPU.ActiveCfg = Release|Any CPU
		{D13A6507-DBDA-4B0E-8313-429656EE962E}.Release|Any CPU.Build.0 = Release|Any CPU
		{D13A6507-DBDA-4B0E-8313-429656EE962E}.Release|x64.ActiveCfg = Release|Any CPU
		{02755F37-FB7F-4E33-A6AD-08780851B997}.Debug|Any CPU.ActiveCfg = Debug|Any CPU
		{02755F37-FB7F-4E33-A6AD-08780851B997}.Debug|Any CPU.Build.0 = Debug|Any CPU
		{02755F37-FB7F-4E33-A6AD-08780851B997}.Debug|x64.ActiveCfg = Debug|Any CPU
		{02755F37-FB7F-4E33-A6AD-08780851B997}.Release|Any CPU.ActiveCfg = Release|Any CPU
		{02755F37-FB7F-4E33-A6AD-08780851B997}.Release|Any CPU.Build.0 = Release|Any CPU
		{02755F37-FB7F-4E33-A6AD-08780851B997}.Release|x64.ActiveCfg = Release|Any CPU
		{DE78B134-0D23-4BDE-9E86-3398B1953FFD}.Debug|Any CPU.ActiveCfg = Debug|Any CPU
		{DE78B134-0D23-4BDE-9E86-3398B1953FFD}.Debug|Any CPU.Build.0 = Debug|Any CPU
		{DE78B134-0D23-4BDE-9E86-3398B1953FFD}.Debug|x64.ActiveCfg = Debug|Any CPU
		{DE78B134-0D23-4BDE-9E86-3398B1953FFD}.Debug|x64.Build.0 = Debug|Any CPU
		{DE78B134-0D23-4BDE-9E86-3398B1953FFD}.Release|Any CPU.ActiveCfg = Release|Any CPU
		{DE78B134-0D23-4BDE-9E86-3398B1953FFD}.Release|Any CPU.Build.0 = Release|Any CPU
		{DE78B134-0D23-4BDE-9E86-3398B1953FFD}.Release|x64.ActiveCfg = Release|Any CPU
		{DE78B134-0D23-4BDE-9E86-3398B1953FFD}.Release|x64.Build.0 = Release|Any CPU
		{E6916BE4-0D3F-4CB4-A102-FE6EBA1B44BA}.Debug|Any CPU.ActiveCfg = Debug|Any CPU
		{E6916BE4-0D3F-4CB4-A102-FE6EBA1B44BA}.Debug|Any CPU.Build.0 = Debug|Any CPU
		{E6916BE4-0D3F-4CB4-A102-FE6EBA1B44BA}.Debug|x64.ActiveCfg = Debug|Any CPU
		{E6916BE4-0D3F-4CB4-A102-FE6EBA1B44BA}.Debug|x64.Build.0 = Debug|Any CPU
		{E6916BE4-0D3F-4CB4-A102-FE6EBA1B44BA}.Release|Any CPU.ActiveCfg = Release|Any CPU
		{E6916BE4-0D3F-4CB4-A102-FE6EBA1B44BA}.Release|Any CPU.Build.0 = Release|Any CPU
		{E6916BE4-0D3F-4CB4-A102-FE6EBA1B44BA}.Release|x64.ActiveCfg = Release|Any CPU
		{E6916BE4-0D3F-4CB4-A102-FE6EBA1B44BA}.Release|x64.Build.0 = Release|Any CPU
		{DD6217E8-0B61-4EB1-98B4-41662B5445D6}.Debug|Any CPU.ActiveCfg = Debug|Any CPU
		{DD6217E8-0B61-4EB1-98B4-41662B5445D6}.Debug|Any CPU.Build.0 = Debug|Any CPU
		{DD6217E8-0B61-4EB1-98B4-41662B5445D6}.Debug|x64.ActiveCfg = Debug|Any CPU
		{DD6217E8-0B61-4EB1-98B4-41662B5445D6}.Debug|x64.Build.0 = Debug|Any CPU
		{DD6217E8-0B61-4EB1-98B4-41662B5445D6}.Release|Any CPU.ActiveCfg = Release|Any CPU
		{DD6217E8-0B61-4EB1-98B4-41662B5445D6}.Release|Any CPU.Build.0 = Release|Any CPU
		{DD6217E8-0B61-4EB1-98B4-41662B5445D6}.Release|x64.ActiveCfg = Release|Any CPU
		{DD6217E8-0B61-4EB1-98B4-41662B5445D6}.Release|x64.Build.0 = Release|Any CPU
	EndGlobalSection
	GlobalSection(SolutionProperties) = preSolution
		HideSolutionNode = FALSE
	EndGlobalSection
	GlobalSection(ExtensibilityGlobals) = postSolution
		SolutionGuid = {1AF71358-2000-41A3-9FFF-4F3920EBFBD1}
	EndGlobalSection
EndGlobal
